
Microsoft Visual Studio Solution File, Format Version 12.00
# Visual Studio Version 17
VisualStudioVersion = 17.4.33213.308
MinimumVisualStudioVersion = 10.0.40219.1
Project("{FAE04EC0-301F-11D3-BF4B-00C04F79EFBC}") = "WebAPI", "WebAPI\WebAPI.csproj", "{38421850-9A04-43A0-8095-B89202D83755}"
EndProject
Global
	GlobalSection(SolutionConfigurationPlatforms) = preSolution
		Debug|Any CPU = Debug|Any CPU
		Release|Any CPU = Release|Any CPU
	EndGlobalSection
	GlobalSection(ProjectConfigurationPlatforms) = postSolution
		{38421850-9A04-43A0-8095-B89202D83755}.Debug|Any CPU.ActiveCfg = Debug|Any CPU
		{38421850-9A04-43A0-8095-B89202D83755}.Debug|Any CPU.Build.0 = Debug|Any CPU
		{38421850-9A04-43A0-8095-B89202D83755}.Release|Any CPU.ActiveCfg = Release|Any CPU
		{38421850-9A04-43A0-8095-B89202D83755}.Release|Any CPU.Build.0 = Release|Any CPU
	EndGlobalSection
	GlobalSection(SolutionProperties) = preSolution
		HideSolutionNode = FALSE
	EndGlobalSection
	GlobalSection(ExtensibilityGlobals) = postSolution
		SolutionGuid = {CB9D6501-1730-4E9F-8E5E-F0F464688025}
	EndGlobalSection
EndGlobal
